
Microsoft Visual Studio Solution File, Format Version 12.00
# Visual Studio Version 16
VisualStudioVersion = 16.0.30907.101
MinimumVisualStudioVersion = 10.0.40219.1
Project("{FAE04EC0-301F-11D3-BF4B-00C04F79EFBC}") = "Assignment", "Assignment.csproj", "{8D8E12E9-DC4E-44FB-98B3-C5E9A3D3698B}"
EndProject
Global
	GlobalSection(SolutionConfigurationPlatforms) = preSolution
		Debug|Any CPU = Debug|Any CPU
		Release|Any CPU = Release|Any CPU
	EndGlobalSection
	GlobalSection(ProjectConfigurationPlatforms) = postSolution
		{8D8E12E9-DC4E-44FB-98B3-C5E9A3D3698B}.Debug|Any CPU.ActiveCfg = Debug|Any CPU
		{8D8E12E9-DC4E-44FB-98B3-C5E9A3D3698B}.Debug|Any CPU.Build.0 = Debug|Any CPU
		{8D8E12E9-DC4E-44FB-98B3-C5E9A3D3698B}.Release|Any CPU.ActiveCfg = Release|Any CPU
		{8D8E12E9-DC4E-44FB-98B3-C5E9A3D3698B}.Release|Any CPU.Build.0 = Release|Any CPU
	EndGlobalSection
	GlobalSection(SolutionProperties) = preSolution
		HideSolutionNode = FALSE
	EndGlobalSection
	GlobalSection(ExtensibilityGlobals) = postSolution
		SolutionGuid = {2B352C23-204B-4F7F-95F6-AB0AFB48F878}
	EndGlobalSection
EndGlobal
