
Microsoft Visual Studio Solution File, Format Version 12.00
# Visual Studio Version 16
VisualStudioVersion = 16.0.30907.101
MinimumVisualStudioVersion = 10.0.40219.1
Project("{9A19103F-16F7-4668-BE54-9A1E7A4F7556}") = "Practice", "Practice.csproj", "{A6818CFB-63F3-4D0E-B3FB-0E46B210986B}"
EndProject
Project("{FAE04EC0-301F-11D3-BF4B-00C04F79EFBC}") = "Assignment", "..\Assignment\Assignment.csproj", "{CEB3071C-1256-4390-BCB6-FF4BDFF6C2DF}"
EndProject
Global
	GlobalSection(SolutionConfigurationPlatforms) = preSolution
		Debug|Any CPU = Debug|Any CPU
		Release|Any CPU = Release|Any CPU
	EndGlobalSection
	GlobalSection(ProjectConfigurationPlatforms) = postSolution
		{A6818CFB-63F3-4D0E-B3FB-0E46B210986B}.Debug|Any CPU.ActiveCfg = Debug|Any CPU
		{A6818CFB-63F3-4D0E-B3FB-0E46B210986B}.Debug|Any CPU.Build.0 = Debug|Any CPU
		{A6818CFB-63F3-4D0E-B3FB-0E46B210986B}.Release|Any CPU.ActiveCfg = Release|Any CPU
		{A6818CFB-63F3-4D0E-B3FB-0E46B210986B}.Release|Any CPU.Build.0 = Release|Any CPU
		{CEB3071C-1256-4390-BCB6-FF4BDFF6C2DF}.Debug|Any CPU.ActiveCfg = Debug|Any CPU
		{CEB3071C-1256-4390-BCB6-FF4BDFF6C2DF}.Debug|Any CPU.Build.0 = Debug|Any CPU
		{CEB3071C-1256-4390-BCB6-FF4BDFF6C2DF}.Release|Any CPU.ActiveCfg = Release|Any CPU
		{CEB3071C-1256-4390-BCB6-FF4BDFF6C2DF}.Release|Any CPU.Build.0 = Release|Any CPU
	EndGlobalSection
	GlobalSection(SolutionProperties) = preSolution
		HideSolutionNode = FALSE
	EndGlobalSection
	GlobalSection(ExtensibilityGlobals) = postSolution
		SolutionGuid = {6AB33EC8-142B-43E2-B21C-AD3FCD14ADD2}
	EndGlobalSection
EndGlobal
