
Microsoft Visual Studio Solution File, Format Version 12.00
# Visual Studio Version 16
VisualStudioVersion = 16.0.30907.101
MinimumVisualStudioVersion = 10.0.40219.1
Project("{FAE04EC0-301F-11D3-BF4B-00C04F79EFBC}") = "Shopclues", "Shopclues.csproj", "{C3A76489-2B65-4BFF-8772-E796BD9B8555}"
EndProject
Global
	GlobalSection(SolutionConfigurationPlatforms) = preSolution
		Debug|Any CPU = Debug|Any CPU
		Release|Any CPU = Release|Any CPU
	EndGlobalSection
	GlobalSection(ProjectConfigurationPlatforms) = postSolution
		{C3A76489-2B65-4BFF-8772-E796BD9B8555}.Debug|Any CPU.ActiveCfg = Debug|Any CPU
		{C3A76489-2B65-4BFF-8772-E796BD9B8555}.Debug|Any CPU.Build.0 = Debug|Any CPU
		{C3A76489-2B65-4BFF-8772-E796BD9B8555}.Release|Any CPU.ActiveCfg = Release|Any CPU
		{C3A76489-2B65-4BFF-8772-E796BD9B8555}.Release|Any CPU.Build.0 = Release|Any CPU
	EndGlobalSection
	GlobalSection(SolutionProperties) = preSolution
		HideSolutionNode = FALSE
	EndGlobalSection
	GlobalSection(ExtensibilityGlobals) = postSolution
		SolutionGuid = {DAB0F94E-719E-4542-AE83-7CCBE8B306BB}
	EndGlobalSection
EndGlobal
